
Microsoft Visual Studio Solution File, Format Version 12.00
# Visual Studio 15
VisualStudioVersion = 15.0.26228.9
MinimumVisualStudioVersion = 10.0.40219.1
Project("{FAE04EC0-301F-11D3-BF4B-00C04F79EFBC}") = "ACSMeetup.Web.API", "ACSMeetup.Web.API\ACSMeetup.Web.API.csproj", "{ED7DB593-DAEA-4AB8-B7B6-7053DFBE9844}"
EndProject
Project("{9092AA53-FB77-4645-B42D-1CCCA6BD08BD}") = "ACSMeetup.Alexa", "ACSMeetup.Alexa\ACSMeetup.Alexa.njsproj", "{249413F5-BD14-4008-A4C9-1C8E66C89A85}"
EndProject
Project("{9092AA53-FB77-4645-B42D-1CCCA6BD08BD}") = "ACSMeetup.Google", "ACSMeetup.Google\ACSMeetup.Google.njsproj", "{888F125F-EE6E-4260-B23D-24867DBC406E}"
EndProject
Global
	GlobalSection(SolutionConfigurationPlatforms) = preSolution
		Debug|Any CPU = Debug|Any CPU
		Release|Any CPU = Release|Any CPU
	EndGlobalSection
	GlobalSection(ProjectConfigurationPlatforms) = postSolution
		{ED7DB593-DAEA-4AB8-B7B6-7053DFBE9844}.Debug|Any CPU.ActiveCfg = Debug|Any CPU
		{ED7DB593-DAEA-4AB8-B7B6-7053DFBE9844}.Debug|Any CPU.Build.0 = Debug|Any CPU
		{ED7DB593-DAEA-4AB8-B7B6-7053DFBE9844}.Release|Any CPU.ActiveCfg = Release|Any CPU
		{ED7DB593-DAEA-4AB8-B7B6-7053DFBE9844}.Release|Any CPU.Build.0 = Release|Any CPU
		{249413F5-BD14-4008-A4C9-1C8E66C89A85}.Debug|Any CPU.ActiveCfg = Debug|Any CPU
		{249413F5-BD14-4008-A4C9-1C8E66C89A85}.Debug|Any CPU.Build.0 = Debug|Any CPU
		{249413F5-BD14-4008-A4C9-1C8E66C89A85}.Release|Any CPU.ActiveCfg = Release|Any CPU
		{249413F5-BD14-4008-A4C9-1C8E66C89A85}.Release|Any CPU.Build.0 = Release|Any CPU
		{888F125F-EE6E-4260-B23D-24867DBC406E}.Debug|Any CPU.ActiveCfg = Debug|Any CPU
		{888F125F-EE6E-4260-B23D-24867DBC406E}.Debug|Any CPU.Build.0 = Debug|Any CPU
		{888F125F-EE6E-4260-B23D-24867DBC406E}.Release|Any CPU.ActiveCfg = Release|Any CPU
		{888F125F-EE6E-4260-B23D-24867DBC406E}.Release|Any CPU.Build.0 = Release|Any CPU
	EndGlobalSection
	GlobalSection(SolutionProperties) = preSolution
		HideSolutionNode = FALSE
	EndGlobalSection
EndGlobal
